
Microsoft Visual Studio Solution File, Format Version 12.00
# Visual Studio Version 17
VisualStudioVersion = 17.2.32616.157
MinimumVisualStudioVersion = 10.0.40219.1
Project("{FAE04EC0-301F-11D3-BF4B-00C04F79EFBC}") = "PurchaseOrder", "PurchaseOrder\PurchaseOrder.csproj", "{362F33BC-2BF4-4CBC-98AC-2DFE0BC2599E}"
EndProject
Global
	GlobalSection(SolutionConfigurationPlatforms) = preSolution
		Debug|Any CPU = Debug|Any CPU
		Release|Any CPU = Release|Any CPU
	EndGlobalSection
	GlobalSection(ProjectConfigurationPlatforms) = postSolution
		{362F33BC-2BF4-4CBC-98AC-2DFE0BC2599E}.Debug|Any CPU.ActiveCfg = Debug|Any CPU
		{362F33BC-2BF4-4CBC-98AC-2DFE0BC2599E}.Debug|Any CPU.Build.0 = Debug|Any CPU
		{362F33BC-2BF4-4CBC-98AC-2DFE0BC2599E}.Release|Any CPU.ActiveCfg = Release|Any CPU
		{362F33BC-2BF4-4CBC-98AC-2DFE0BC2599E}.Release|Any CPU.Build.0 = Release|Any CPU
	EndGlobalSection
	GlobalSection(SolutionProperties) = preSolution
		HideSolutionNode = FALSE
	EndGlobalSection
	GlobalSection(ExtensibilityGlobals) = postSolution
		SolutionGuid = {48BE9828-95AC-4AAF-B242-3515214CAE3A}
	EndGlobalSection
EndGlobal
