
Microsoft Visual Studio Solution File, Format Version 12.00
# Visual Studio Version 17
VisualStudioVersion = 17.2.32616.157
MinimumVisualStudioVersion = 10.0.40219.1
Project("{9A19103F-16F7-4668-BE54-9A1E7A4F7556}") = "UserService", "UserService\UserService.csproj", "{60A8651E-CCDE-4462-A62B-AA2AEA3FB61A}"
EndProject
Project("{2150E333-8FDC-42A3-9474-1A3956D46DE8}") = "Integration", "Integration", "{EF06BE38-5DDF-4309-AB95-8FD6D2A5287D}"
EndProject
Project("{2150E333-8FDC-42A3-9474-1A3956D46DE8}") = "DB", "DB", "{453F4337-111A-4908-BCE6-01AB0F96609A}"
EndProject
Project("{9A19103F-16F7-4668-BE54-9A1E7A4F7556}") = "UserDB", "UserDB\UserDB.csproj", "{19982FAE-92DE-4AFA-ACB6-B82246BAEBF0}"
EndProject
Project("{9A19103F-16F7-4668-BE54-9A1E7A4F7556}") = "MessageBus", "MessageBus\MessageBus.csproj", "{AE4DCC67-80E9-4F25-94C4-0351946EBDDE}"
EndProject
Project("{2150E333-8FDC-42A3-9474-1A3956D46DE8}") = "Services", "Services", "{58BC7E46-F97E-46D6-A8C6-C855B9BDAC77}"
EndProject
Project("{2150E333-8FDC-42A3-9474-1A3956D46DE8}") = "Core", "Core", "{781B5DA0-01EC-4961-9D8B-D5F6352BB43A}"
EndProject
Project("{2150E333-8FDC-42A3-9474-1A3956D46DE8}") = "MessageBus", "MessageBus", "{17E3AFBF-D5E2-4CF2-9AD6-13DCB4346334}"
EndProject
Project("{2150E333-8FDC-42A3-9474-1A3956D46DE8}") = "Src", "Src", "{DB25BA0D-C9C1-4A61-BA8C-E1090D4A1B33}"
EndProject
Project("{2150E333-8FDC-42A3-9474-1A3956D46DE8}") = "Entities", "Entities", "{2BCE665C-DCCA-44D5-8A8E-51565EAF482F}"
EndProject
Project("{9A19103F-16F7-4668-BE54-9A1E7A4F7556}") = "Entities", "Entities\Entities.csproj", "{073D0C0F-404B-4F22-8292-70ACDEB8B7AD}"
EndProject
Project("{2150E333-8FDC-42A3-9474-1A3956D46DE8}") = "Interfaces", "Interfaces", "{FA416328-D7BD-4FBA-9A9B-844C0F957A8F}"
EndProject
Project("{9A19103F-16F7-4668-BE54-9A1E7A4F7556}") = "Interfaces", "Interfaces\Interfaces.csproj", "{89C966F0-B71F-470D-8FCB-91EB93B4269E}"
EndProject
Project("{9A19103F-16F7-4668-BE54-9A1E7A4F7556}") = "PaymentService", "PaymentService\PaymentService.csproj", "{162A5E0F-6813-48D9-BC5D-1C7B14C273CC}"
EndProject
Project("{9A19103F-16F7-4668-BE54-9A1E7A4F7556}") = "PaymentDB", "PaimentDB\PaymentDB.csproj", "{03B9B9F4-3305-49B2-87B0-ED896D9F1A1B}"
EndProject
Project("{9A19103F-16F7-4668-BE54-9A1E7A4F7556}") = "PaymentOrderDB", "PaimentOrderDB\PaymentOrderDB.csproj", "{35986420-071D-4BD8-8909-ED6A199F5BD4}"
EndProject
Project("{2150E333-8FDC-42A3-9474-1A3956D46DE8}") = "HttpClient", "HttpClient", "{69FB80BC-5545-4884-BCF9-80F9E599092A}"
EndProject
Project("{9A19103F-16F7-4668-BE54-9A1E7A4F7556}") = "HttpRequisition", "HttpClient\HttpRequisition.csproj", "{F46B706B-C1D0-4109-85D9-75EC9629E62C}"
EndProject
Project("{9A19103F-16F7-4668-BE54-9A1E7A4F7556}") = "PaymentOrderService", "PaymentOrderService\PaymentOrderService.csproj", "{EC917176-B2ED-4EDC-9F31-0CB7368CEA27}"
EndProject
Project("{FAE04EC0-301F-11D3-BF4B-00C04F79EFBC}") = "API_Gateway", "API_Gateway\API_Gateway.csproj", "{8CC40086-BB5D-4A7C-A459-4647DCD0581E}"
EndProject
Global
	GlobalSection(SolutionConfigurationPlatforms) = preSolution
		Debug|Any CPU = Debug|Any CPU
		Release|Any CPU = Release|Any CPU
	EndGlobalSection
	GlobalSection(ProjectConfigurationPlatforms) = postSolution
		{60A8651E-CCDE-4462-A62B-AA2AEA3FB61A}.Debug|Any CPU.ActiveCfg = Debug|Any CPU
		{60A8651E-CCDE-4462-A62B-AA2AEA3FB61A}.Debug|Any CPU.Build.0 = Debug|Any CPU
		{60A8651E-CCDE-4462-A62B-AA2AEA3FB61A}.Release|Any CPU.ActiveCfg = Release|Any CPU
		{60A8651E-CCDE-4462-A62B-AA2AEA3FB61A}.Release|Any CPU.Build.0 = Release|Any CPU
		{19982FAE-92DE-4AFA-ACB6-B82246BAEBF0}.Debug|Any CPU.ActiveCfg = Debug|Any CPU
		{19982FAE-92DE-4AFA-ACB6-B82246BAEBF0}.Debug|Any CPU.Build.0 = Debug|Any CPU
		{19982FAE-92DE-4AFA-ACB6-B82246BAEBF0}.Release|Any CPU.ActiveCfg = Release|Any CPU
		{19982FAE-92DE-4AFA-ACB6-B82246BAEBF0}.Release|Any CPU.Build.0 = Release|Any CPU
		{AE4DCC67-80E9-4F25-94C4-0351946EBDDE}.Debug|Any CPU.ActiveCfg = Debug|Any CPU
		{AE4DCC67-80E9-4F25-94C4-0351946EBDDE}.Debug|Any CPU.Build.0 = Debug|Any CPU
		{AE4DCC67-80E9-4F25-94C4-0351946EBDDE}.Release|Any CPU.ActiveCfg = Release|Any CPU
		{AE4DCC67-80E9-4F25-94C4-0351946EBDDE}.Release|Any CPU.Build.0 = Release|Any CPU
		{073D0C0F-404B-4F22-8292-70ACDEB8B7AD}.Debug|Any CPU.ActiveCfg = Debug|Any CPU
		{073D0C0F-404B-4F22-8292-70ACDEB8B7AD}.Debug|Any CPU.Build.0 = Debug|Any CPU
		{073D0C0F-404B-4F22-8292-70ACDEB8B7AD}.Release|Any CPU.ActiveCfg = Release|Any CPU
		{073D0C0F-404B-4F22-8292-70ACDEB8B7AD}.Release|Any CPU.Build.0 = Release|Any CPU
		{89C966F0-B71F-470D-8FCB-91EB93B4269E}.Debug|Any CPU.ActiveCfg = Debug|Any CPU
		{89C966F0-B71F-470D-8FCB-91EB93B4269E}.Debug|Any CPU.Build.0 = Debug|Any CPU
		{89C966F0-B71F-470D-8FCB-91EB93B4269E}.Release|Any CPU.ActiveCfg = Release|Any CPU
		{89C966F0-B71F-470D-8FCB-91EB93B4269E}.Release|Any CPU.Build.0 = Release|Any CPU
		{162A5E0F-6813-48D9-BC5D-1C7B14C273CC}.Debug|Any CPU.ActiveCfg = Debug|Any CPU
		{162A5E0F-6813-48D9-BC5D-1C7B14C273CC}.Debug|Any CPU.Build.0 = Debug|Any CPU
		{162A5E0F-6813-48D9-BC5D-1C7B14C273CC}.Release|Any CPU.ActiveCfg = Release|Any CPU
		{162A5E0F-6813-48D9-BC5D-1C7B14C273CC}.Release|Any CPU.Build.0 = Release|Any CPU
		{03B9B9F4-3305-49B2-87B0-ED896D9F1A1B}.Debug|Any CPU.ActiveCfg = Debug|Any CPU
		{03B9B9F4-3305-49B2-87B0-ED896D9F1A1B}.Debug|Any CPU.Build.0 = Debug|Any CPU
		{03B9B9F4-3305-49B2-87B0-ED896D9F1A1B}.Release|Any CPU.ActiveCfg = Release|Any CPU
		{03B9B9F4-3305-49B2-87B0-ED896D9F1A1B}.Release|Any CPU.Build.0 = Release|Any CPU
		{35986420-071D-4BD8-8909-ED6A199F5BD4}.Debug|Any CPU.ActiveCfg = Debug|Any CPU
		{35986420-071D-4BD8-8909-ED6A199F5BD4}.Debug|Any CPU.Build.0 = Debug|Any CPU
		{35986420-071D-4BD8-8909-ED6A199F5BD4}.Release|Any CPU.ActiveCfg = Release|Any CPU
		{35986420-071D-4BD8-8909-ED6A199F5BD4}.Release|Any CPU.Build.0 = Release|Any CPU
		{F46B706B-C1D0-4109-85D9-75EC9629E62C}.Debug|Any CPU.ActiveCfg = Debug|Any CPU
		{F46B706B-C1D0-4109-85D9-75EC9629E62C}.Debug|Any CPU.Build.0 = Debug|Any CPU
		{F46B706B-C1D0-4109-85D9-75EC9629E62C}.Release|Any CPU.ActiveCfg = Release|Any CPU
		{F46B706B-C1D0-4109-85D9-75EC9629E62C}.Release|Any CPU.Build.0 = Release|Any CPU
		{EC917176-B2ED-4EDC-9F31-0CB7368CEA27}.Debug|Any CPU.ActiveCfg = Debug|Any CPU
		{EC917176-B2ED-4EDC-9F31-0CB7368CEA27}.Debug|Any CPU.Build.0 = Debug|Any CPU
		{EC917176-B2ED-4EDC-9F31-0CB7368CEA27}.Release|Any CPU.ActiveCfg = Release|Any CPU
		{EC917176-B2ED-4EDC-9F31-0CB7368CEA27}.Release|Any CPU.Build.0 = Release|Any CPU
		{8CC40086-BB5D-4A7C-A459-4647DCD0581E}.Debug|Any CPU.ActiveCfg = Debug|Any CPU
		{8CC40086-BB5D-4A7C-A459-4647DCD0581E}.Debug|Any CPU.Build.0 = Debug|Any CPU
		{8CC40086-BB5D-4A7C-A459-4647DCD0581E}.Release|Any CPU.ActiveCfg = Release|Any CPU
		{8CC40086-BB5D-4A7C-A459-4647DCD0581E}.Release|Any CPU.Build.0 = Release|Any CPU
	EndGlobalSection
	GlobalSection(SolutionProperties) = preSolution
		HideSolutionNode = FALSE
	EndGlobalSection
	GlobalSection(NestedProjects) = preSolution
		{60A8651E-CCDE-4462-A62B-AA2AEA3FB61A} = {EF06BE38-5DDF-4309-AB95-8FD6D2A5287D}
		{EF06BE38-5DDF-4309-AB95-8FD6D2A5287D} = {58BC7E46-F97E-46D6-A8C6-C855B9BDAC77}
		{453F4337-111A-4908-BCE6-01AB0F96609A} = {58BC7E46-F97E-46D6-A8C6-C855B9BDAC77}
		{19982FAE-92DE-4AFA-ACB6-B82246BAEBF0} = {453F4337-111A-4908-BCE6-01AB0F96609A}
		{AE4DCC67-80E9-4F25-94C4-0351946EBDDE} = {17E3AFBF-D5E2-4CF2-9AD6-13DCB4346334}
		{58BC7E46-F97E-46D6-A8C6-C855B9BDAC77} = {DB25BA0D-C9C1-4A61-BA8C-E1090D4A1B33}
		{781B5DA0-01EC-4961-9D8B-D5F6352BB43A} = {DB25BA0D-C9C1-4A61-BA8C-E1090D4A1B33}
		{17E3AFBF-D5E2-4CF2-9AD6-13DCB4346334} = {781B5DA0-01EC-4961-9D8B-D5F6352BB43A}
		{2BCE665C-DCCA-44D5-8A8E-51565EAF482F} = {781B5DA0-01EC-4961-9D8B-D5F6352BB43A}
		{073D0C0F-404B-4F22-8292-70ACDEB8B7AD} = {2BCE665C-DCCA-44D5-8A8E-51565EAF482F}
		{FA416328-D7BD-4FBA-9A9B-844C0F957A8F} = {781B5DA0-01EC-4961-9D8B-D5F6352BB43A}
		{89C966F0-B71F-470D-8FCB-91EB93B4269E} = {FA416328-D7BD-4FBA-9A9B-844C0F957A8F}
		{162A5E0F-6813-48D9-BC5D-1C7B14C273CC} = {EF06BE38-5DDF-4309-AB95-8FD6D2A5287D}
		{03B9B9F4-3305-49B2-87B0-ED896D9F1A1B} = {453F4337-111A-4908-BCE6-01AB0F96609A}
		{35986420-071D-4BD8-8909-ED6A199F5BD4} = {453F4337-111A-4908-BCE6-01AB0F96609A}
		{69FB80BC-5545-4884-BCF9-80F9E599092A} = {781B5DA0-01EC-4961-9D8B-D5F6352BB43A}
		{F46B706B-C1D0-4109-85D9-75EC9629E62C} = {69FB80BC-5545-4884-BCF9-80F9E599092A}
		{EC917176-B2ED-4EDC-9F31-0CB7368CEA27} = {EF06BE38-5DDF-4309-AB95-8FD6D2A5287D}
		{8CC40086-BB5D-4A7C-A459-4647DCD0581E} = {EF06BE38-5DDF-4309-AB95-8FD6D2A5287D}
	EndGlobalSection
	GlobalSection(ExtensibilityGlobals) = postSolution
		SolutionGuid = {58C60360-7D7F-4F16-9751-0DAD3632B304}
	EndGlobalSection
EndGlobal
