
Microsoft Visual Studio Solution File, Format Version 12.00
# Visual Studio Version 17
VisualStudioVersion = 17.2.32616.157
MinimumVisualStudioVersion = 10.0.40219.1
Project("{FAE04EC0-301F-11D3-BF4B-00C04F79EFBC}") = "UserService", "UserService\UserService.csproj", "{03F1A015-E25B-4900-B644-8E8A51C746C5}"
EndProject
Global
	GlobalSection(SolutionConfigurationPlatforms) = preSolution
		Debug|Any CPU = Debug|Any CPU
		Release|Any CPU = Release|Any CPU
	EndGlobalSection
	GlobalSection(ProjectConfigurationPlatforms) = postSolution
		{03F1A015-E25B-4900-B644-8E8A51C746C5}.Debug|Any CPU.ActiveCfg = Debug|Any CPU
		{03F1A015-E25B-4900-B644-8E8A51C746C5}.Debug|Any CPU.Build.0 = Debug|Any CPU
		{03F1A015-E25B-4900-B644-8E8A51C746C5}.Release|Any CPU.ActiveCfg = Release|Any CPU
		{03F1A015-E25B-4900-B644-8E8A51C746C5}.Release|Any CPU.Build.0 = Release|Any CPU
	EndGlobalSection
	GlobalSection(SolutionProperties) = preSolution
		HideSolutionNode = FALSE
	EndGlobalSection
	GlobalSection(ExtensibilityGlobals) = postSolution
		SolutionGuid = {AE96633D-3B8B-4E57-915E-2FE73BEB3759}
	EndGlobalSection
EndGlobal
